
Microsoft Visual Studio Solution File, Format Version 12.00
# Visual Studio Version 16
VisualStudioVersion = 16.0.32929.386
MinimumVisualStudioVersion = 10.0.40219.1
Project("{FAE04EC0-301F-11D3-BF4B-00C04F79EFBC}") = "Aplikasi Kontak 2", "Aplikasi Kontak 2\Aplikasi Kontak 2.csproj", "{87351DF0-01F3-42AD-840D-4A866B90DDCE}"
EndProject
Global
	GlobalSection(SolutionConfigurationPlatforms) = preSolution
		Debug|Any CPU = Debug|Any CPU
		Release|Any CPU = Release|Any CPU
	EndGlobalSection
	GlobalSection(ProjectConfigurationPlatforms) = postSolution
		{87351DF0-01F3-42AD-840D-4A866B90DDCE}.Debug|Any CPU.ActiveCfg = Debug|Any CPU
		{87351DF0-01F3-42AD-840D-4A866B90DDCE}.Debug|Any CPU.Build.0 = Debug|Any CPU
		{87351DF0-01F3-42AD-840D-4A866B90DDCE}.Release|Any CPU.ActiveCfg = Release|Any CPU
		{87351DF0-01F3-42AD-840D-4A866B90DDCE}.Release|Any CPU.Build.0 = Release|Any CPU
	EndGlobalSection
	GlobalSection(SolutionProperties) = preSolution
		HideSolutionNode = FALSE
	EndGlobalSection
	GlobalSection(ExtensibilityGlobals) = postSolution
		SolutionGuid = {EDB7C227-E261-4EB8-A204-E41C3F726F61}
	EndGlobalSection
EndGlobal
